<?xml version="1.0" encoding="utf-8"?>
<Project ToolsVersion="4.0" xmlns="http://schemas.microsoft.com/developer/msbuild/2003">
  <ItemGroup>
    <ClCompile Include="..\Src\bfs.cpp" />
    <ClCompile Include="..\Src\dllmain.cpp" />
    <ClCompile Include="..\Src\GameManager.cpp" />
    <ClCompile Include="..\Src\generaAleatorio.cpp" />
    <ClCompile Include="..\Src\grafo.cpp" />
    <ClCompile Include="..\Src\grafoConObstaculos.cpp" />
    <ClCompile Include="..\Src\Juego.cpp" />
    <ClCompile Include="..\Src\Jugador.cpp" />
    <ClCompile Include="..\Src\LookatMouse.cpp" />
    <ClCompile Include="..\Src\MainMenu.cpp" />
    <ClCompile Include="..\Src\MoveBullet.cpp" />
    <ClCompile Include="..\Src\Options.cpp" />
    <ClCompile Include="..\Src\pch.cpp" />
    <ClCompile Include="..\Src\Shoot.cpp" />
    <ClCompile Include="..\Src\zombieMove.cpp" />
    <ClCompile Include="..\Src\SpawnZombis.cpp" />
    <ClCompile Include="..\Src\EndState.cpp" />
  </ItemGroup>
  <ItemGroup>
    <ClInclude Include="..\Src\includes\bfs.h" />
    <ClInclude Include="..\Src\includes\framework.h" />
    <ClInclude Include="..\Src\includes\GameManager.h" />
    <ClInclude Include="..\Src\includes\generaAleatorio.h" />
    <ClInclude Include="..\Src\includes\grafo.h" />
    <ClInclude Include="..\Src\includes\grafoConObstaculos.h" />
    <ClInclude Include="..\Src\includes\Juego.h" />
    <ClInclude Include="..\Src\includes\Jugador.h" />
    <ClInclude Include="..\Src\includes\LookatMouse.h" />
    <ClInclude Include="..\Src\includes\MainMenu.h" />
    <ClInclude Include="..\Src\includes\MoveBullet.h" />
    <ClInclude Include="..\Src\includes\Options.h" />
    <ClInclude Include="..\Src\includes\pch.h" />
    <ClInclude Include="..\Src\includes\Personaje.h" />
    <ClInclude Include="..\Src\includes\Shoot.h" />
    <ClInclude Include="..\Src\includes\zombieMove.h" />
    <ClInclude Include="..\Src\includes\SpawnZombis.h" />
    <ClInclude Include="..\Src\includes\EndState.h" />
  </ItemGroup>
</Project>